
Microsoft Visual Studio Solution File, Format Version 12.00
# Visual Studio Version 16
VisualStudioVersion = 16.0.30907.101
MinimumVisualStudioVersion = 10.0.40219.1
Project("{FAE04EC0-301F-11D3-BF4B-00C04F79EFBC}") = "ConsoleUI", "ConsoleUI\ConsoleUI.csproj", "{BF4E413F-DE75-499E-8B10-5F264FD56CA6}"
EndProject
Global
	GlobalSection(SolutionConfigurationPlatforms) = preSolution
		Debug|Any CPU = Debug|Any CPU
		Release|Any CPU = Release|Any CPU
	EndGlobalSection
	GlobalSection(ProjectConfigurationPlatforms) = postSolution
		{BF4E413F-DE75-499E-8B10-5F264FD56CA6}.Debug|Any CPU.ActiveCfg = Debug|Any CPU
		{BF4E413F-DE75-499E-8B10-5F264FD56CA6}.Debug|Any CPU.Build.0 = Debug|Any CPU
		{BF4E413F-DE75-499E-8B10-5F264FD56CA6}.Release|Any CPU.ActiveCfg = Release|Any CPU
		{BF4E413F-DE75-499E-8B10-5F264FD56CA6}.Release|Any CPU.Build.0 = Release|Any CPU
	EndGlobalSection
	GlobalSection(SolutionProperties) = preSolution
		HideSolutionNode = FALSE
	EndGlobalSection
	GlobalSection(ExtensibilityGlobals) = postSolution
		SolutionGuid = {E1188D15-D49E-4A79-AF86-74C558D06D19}
	EndGlobalSection
EndGlobal
