
Microsoft Visual Studio Solution File, Format Version 12.00
# Visual Studio Version 16
VisualStudioVersion = 16.0.31005.135
MinimumVisualStudioVersion = 10.0.40219.1
Project("{FAE04EC0-301F-11D3-BF4B-00C04F79EFBC}") = "ConsoleUI", "ConsoleUI\ConsoleUI.csproj", "{1CB2DB80-5F0B-441B-B032-B8F9DFB47A6A}"
EndProject
Project("{FAE04EC0-301F-11D3-BF4B-00C04F79EFBC}") = "DemoLibrary", "DemoLibrary\DemoLibrary.csproj", "{628FCB4D-0EBB-41CF-B03B-208D72675CD5}"
EndProject
Global
	GlobalSection(SolutionConfigurationPlatforms) = preSolution
		Debug|Any CPU = Debug|Any CPU
		Release|Any CPU = Release|Any CPU
	EndGlobalSection
	GlobalSection(ProjectConfigurationPlatforms) = postSolution
		{1CB2DB80-5F0B-441B-B032-B8F9DFB47A6A}.Debug|Any CPU.ActiveCfg = Debug|Any CPU
		{1CB2DB80-5F0B-441B-B032-B8F9DFB47A6A}.Debug|Any CPU.Build.0 = Debug|Any CPU
		{1CB2DB80-5F0B-441B-B032-B8F9DFB47A6A}.Release|Any CPU.ActiveCfg = Release|Any CPU
		{1CB2DB80-5F0B-441B-B032-B8F9DFB47A6A}.Release|Any CPU.Build.0 = Release|Any CPU
		{628FCB4D-0EBB-41CF-B03B-208D72675CD5}.Debug|Any CPU.ActiveCfg = Debug|Any CPU
		{628FCB4D-0EBB-41CF-B03B-208D72675CD5}.Debug|Any CPU.Build.0 = Debug|Any CPU
		{628FCB4D-0EBB-41CF-B03B-208D72675CD5}.Release|Any CPU.ActiveCfg = Release|Any CPU
		{628FCB4D-0EBB-41CF-B03B-208D72675CD5}.Release|Any CPU.Build.0 = Release|Any CPU
	EndGlobalSection
	GlobalSection(SolutionProperties) = preSolution
		HideSolutionNode = FALSE
	EndGlobalSection
	GlobalSection(ExtensibilityGlobals) = postSolution
		SolutionGuid = {02507232-756E-4BAC-BC4A-E385BA1ECCF5}
	EndGlobalSection
EndGlobal
