
Microsoft Visual Studio Solution File, Format Version 12.00
# Visual Studio Version 16
VisualStudioVersion = 16.0.31005.135
MinimumVisualStudioVersion = 10.0.40219.1
Project("{FAE04EC0-301F-11D3-BF4B-00C04F79EFBC}") = "AccessModifiersDemo", "AccessModifiersDemo\AccessModifiersDemo.csproj", "{1700F4E6-DEC5-4893-A2C0-D568BBC2C467}"
EndProject
Project("{FAE04EC0-301F-11D3-BF4B-00C04F79EFBC}") = "DemoLibrary", "DemoLibrary\DemoLibrary.csproj", "{53BEB77D-CFD9-4EAF-971A-D489C1D20C24}"
EndProject
Global
	GlobalSection(SolutionConfigurationPlatforms) = preSolution
		Debug|Any CPU = Debug|Any CPU
		Release|Any CPU = Release|Any CPU
	EndGlobalSection
	GlobalSection(ProjectConfigurationPlatforms) = postSolution
		{1700F4E6-DEC5-4893-A2C0-D568BBC2C467}.Debug|Any CPU.ActiveCfg = Debug|Any CPU
		{1700F4E6-DEC5-4893-A2C0-D568BBC2C467}.Debug|Any CPU.Build.0 = Debug|Any CPU
		{1700F4E6-DEC5-4893-A2C0-D568BBC2C467}.Release|Any CPU.ActiveCfg = Release|Any CPU
		{1700F4E6-DEC5-4893-A2C0-D568BBC2C467}.Release|Any CPU.Build.0 = Release|Any CPU
		{53BEB77D-CFD9-4EAF-971A-D489C1D20C24}.Debug|Any CPU.ActiveCfg = Debug|Any CPU
		{53BEB77D-CFD9-4EAF-971A-D489C1D20C24}.Debug|Any CPU.Build.0 = Debug|Any CPU
		{53BEB77D-CFD9-4EAF-971A-D489C1D20C24}.Release|Any CPU.ActiveCfg = Release|Any CPU
		{53BEB77D-CFD9-4EAF-971A-D489C1D20C24}.Release|Any CPU.Build.0 = Release|Any CPU
	EndGlobalSection
	GlobalSection(SolutionProperties) = preSolution
		HideSolutionNode = FALSE
	EndGlobalSection
	GlobalSection(ExtensibilityGlobals) = postSolution
		SolutionGuid = {C78B3686-7147-4712-947F-BEBB3BB0D57D}
	EndGlobalSection
EndGlobal
